
Microsoft Visual Studio Solution File, Format Version 12.00
# Visual Studio 15
Project("{FAE04EC0-301F-11D3-BF4B-00C04F79EFBC}") = "Assembly-CSharp", "Assembly-CSharp.csproj", "{49B497EF-3813-AA5D-55CA-56D1AA7D7E9C}"
EndProject
Project("{FAE04EC0-301F-11D3-BF4B-00C04F79EFBC}") = "Assembly-CSharp-firstpass", "Assembly-CSharp-firstpass.csproj", "{CDF51867-D9E0-B68E-755F-83C77701C5BA}"
EndProject
Project("{FAE04EC0-301F-11D3-BF4B-00C04F79EFBC}") = "Assembly-CSharp-Editor-firstpass", "Assembly-CSharp-Editor-firstpass.csproj", "{B09FDDB5-6993-D5E7-F8AE-8775A7930A75}"
EndProject
Global
	GlobalSection(SolutionConfigurationPlatforms) = preSolution
		Debug|Any CPU = Debug|Any CPU
		Release|Any CPU = Release|Any CPU
	EndGlobalSection
	GlobalSection(ProjectConfigurationPlatforms) = postSolution
		{49B497EF-3813-AA5D-55CA-56D1AA7D7E9C}.Debug|Any CPU.ActiveCfg = Debug|Any CPU
		{49B497EF-3813-AA5D-55CA-56D1AA7D7E9C}.Debug|Any CPU.Build.0 = Debug|Any CPU
		{49B497EF-3813-AA5D-55CA-56D1AA7D7E9C}.Release|Any CPU.ActiveCfg = Release|Any CPU
		{49B497EF-3813-AA5D-55CA-56D1AA7D7E9C}.Release|Any CPU.Build.0 = Release|Any CPU
		{CDF51867-D9E0-B68E-755F-83C77701C5BA}.Debug|Any CPU.ActiveCfg = Debug|Any CPU
		{CDF51867-D9E0-B68E-755F-83C77701C5BA}.Debug|Any CPU.Build.0 = Debug|Any CPU
		{CDF51867-D9E0-B68E-755F-83C77701C5BA}.Release|Any CPU.ActiveCfg = Release|Any CPU
		{CDF51867-D9E0-B68E-755F-83C77701C5BA}.Release|Any CPU.Build.0 = Release|Any CPU
		{B09FDDB5-6993-D5E7-F8AE-8775A7930A75}.Debug|Any CPU.ActiveCfg = Debug|Any CPU
		{B09FDDB5-6993-D5E7-F8AE-8775A7930A75}.Debug|Any CPU.Build.0 = Debug|Any CPU
		{B09FDDB5-6993-D5E7-F8AE-8775A7930A75}.Release|Any CPU.ActiveCfg = Release|Any CPU
		{B09FDDB5-6993-D5E7-F8AE-8775A7930A75}.Release|Any CPU.Build.0 = Release|Any CPU
	EndGlobalSection
	GlobalSection(SolutionProperties) = preSolution
		HideSolutionNode = FALSE
	EndGlobalSection
EndGlobal
